
Microsoft Visual Studio Solution File, Format Version 11.00
# Visual Studio 2010
Project("{FAE04EC0-301F-11D3-BF4B-00C04F79EFBC}") = "Assembly-CSharp", "Assembly-CSharp.csproj", "{B9B66464-19B3-248A-A63D-B419B9EF7F27}"
EndProject
Project("{FAE04EC0-301F-11D3-BF4B-00C04F79EFBC}") = "Assembly-CSharp-Editor", "Assembly-CSharp-Editor.csproj", "{FFBAE2DA-E7E8-1A41-46D9-82CA7A2DDADF}"
EndProject
Global
	GlobalSection(SolutionConfigurationPlatforms) = preSolution
		Debug|Any CPU = Debug|Any CPU
		Release|Any CPU = Release|Any CPU
	EndGlobalSection
	GlobalSection(ProjectConfigurationPlatforms) = postSolution
		{B9B66464-19B3-248A-A63D-B419B9EF7F27}.Debug|Any CPU.ActiveCfg = Debug|Any CPU
		{B9B66464-19B3-248A-A63D-B419B9EF7F27}.Debug|Any CPU.Build.0 = Debug|Any CPU
		{B9B66464-19B3-248A-A63D-B419B9EF7F27}.Release|Any CPU.ActiveCfg = Release|Any CPU
		{B9B66464-19B3-248A-A63D-B419B9EF7F27}.Release|Any CPU.Build.0 = Release|Any CPU
		{FFBAE2DA-E7E8-1A41-46D9-82CA7A2DDADF}.Debug|Any CPU.ActiveCfg = Debug|Any CPU
		{FFBAE2DA-E7E8-1A41-46D9-82CA7A2DDADF}.Debug|Any CPU.Build.0 = Debug|Any CPU
		{FFBAE2DA-E7E8-1A41-46D9-82CA7A2DDADF}.Release|Any CPU.ActiveCfg = Release|Any CPU
		{FFBAE2DA-E7E8-1A41-46D9-82CA7A2DDADF}.Release|Any CPU.Build.0 = Release|Any CPU
	EndGlobalSection
	GlobalSection(SolutionProperties) = preSolution
		HideSolutionNode = FALSE
	EndGlobalSection
EndGlobal
